
Microsoft Visual Studio Solution File, Format Version 12.00
# Visual Studio 15
VisualStudioVersion = 15.0.27130.2010
MinimumVisualStudioVersion = 10.0.40219.1
Project("{FAE04EC0-301F-11D3-BF4B-00C04F79EFBC}") = "Assignment1", "Assignment1.csproj", "{D89E3BC4-03A4-4FC8-BFAD-5BCD26296190}"
EndProject
Global
	GlobalSection(SolutionConfigurationPlatforms) = preSolution
		Debug|Any CPU = Debug|Any CPU
		Release|Any CPU = Release|Any CPU
	EndGlobalSection
	GlobalSection(ProjectConfigurationPlatforms) = postSolution
		{D89E3BC4-03A4-4FC8-BFAD-5BCD26296190}.Debug|Any CPU.ActiveCfg = Debug|Any CPU
		{D89E3BC4-03A4-4FC8-BFAD-5BCD26296190}.Debug|Any CPU.Build.0 = Debug|Any CPU
		{D89E3BC4-03A4-4FC8-BFAD-5BCD26296190}.Release|Any CPU.ActiveCfg = Release|Any CPU
		{D89E3BC4-03A4-4FC8-BFAD-5BCD26296190}.Release|Any CPU.Build.0 = Release|Any CPU
	EndGlobalSection
	GlobalSection(SolutionProperties) = preSolution
		HideSolutionNode = FALSE
	EndGlobalSection
	GlobalSection(ExtensibilityGlobals) = postSolution
		SolutionGuid = {44BA732C-3B0C-4C15-AB49-71F79AC5A3F9}
	EndGlobalSection
EndGlobal
